// !$*UTF8*$!
{
	archiveVersion = 1;
	classes = {
	};
	objectVersion = 50;
	objects = {

/* Begin PBXBuildFile section */
		8826ED062605C6CB00269365 /* main.cpp in Sources */ = {isa = PBXBuildFile; fileRef = 8826ED042605C6CB00269365 /* main.cpp */; settings = {COMPILER_FLAGS = "-Wno-shorten-64-to-32"; }; };
		883DC32B25FAFDB90095A8D4 /* main.cpp in Sources */ = {isa = PBXBuildFile; fileRef = 883DC32A25FAFDB90095A8D4 /* main.cpp */; settings = {COMPILER_FLAGS = "-Wno-shorten-64-to-32"; }; };
		88A4602E2622BD48005316B5 /* CodeCraft-2021.cpp in Sources */ = {isa = PBXBuildFile; fileRef = 88A4602A2622BD48005316B5 /* CodeCraft-2021.cpp */; };
		88C1DA4E260379C4005AF32D /* main.cpp in Sources */ = {isa = PBXBuildFile; fileRef = 88C1DA4D260379C4005AF32D /* main.cpp */; settings = {COMPILER_FLAGS = "-Wno-shorten-64-to-32"; }; };
/* End PBXBuildFile section */

/* Begin PBXCopyFilesBuildPhase section */
		8826EC7C2604D87000269365 /* CopyFiles */ = {
			isa = PBXCopyFilesBuildPhase;
			buildActionMask = 2147483647;
			dstPath = /usr/share/man/man1/;
			dstSubfolderSpec = 0;
			files = (
			);
			runOnlyForDeploymentPostprocessing = 1;
		};
		8826ECA526059A0F00269365 /* CopyFiles */ = {
			isa = PBXCopyFilesBuildPhase;
			buildActionMask = 2147483647;
			dstPath = /usr/share/man/man1/;
			dstSubfolderSpec = 0;
			files = (
			);
			runOnlyForDeploymentPostprocessing = 1;
		};
		883DC32525FAFDB80095A8D4 /* CopyFiles */ = {
			isa = PBXCopyFilesBuildPhase;
			buildActionMask = 2147483647;
			dstPath = /usr/share/man/man1/;
			dstSubfolderSpec = 0;
			files = (
			);
			runOnlyForDeploymentPostprocessing = 1;
		};
		88A150E926042F4900E235DD /* CopyFiles */ = {
			isa = PBXCopyFilesBuildPhase;
			buildActionMask = 2147483647;
			dstPath = /usr/share/man/man1/;
			dstSubfolderSpec = 0;
			files = (
			);
			runOnlyForDeploymentPostprocessing = 1;
		};
		88C3BD4325FDB9E5005AACEC /* CopyFiles */ = {
			isa = PBXCopyFilesBuildPhase;
			buildActionMask = 2147483647;
			dstPath = /usr/share/man/man1/;
			dstSubfolderSpec = 0;
			files = (
			);
			runOnlyForDeploymentPostprocessing = 1;
		};
/* End PBXCopyFilesBuildPhase section */

/* Begin PBXFileReference section */
		8826EC7E2604D87000269365 /* CodeCraftV1.X */ = {isa = PBXFileReference; explicitFileType = "compiled.mach-o.executable"; includeInIndex = 0; path = CodeCraftV1.X; sourceTree = BUILT_PRODUCTS_DIR; };
		8826ECA726059A0F00269365 /* CodeCraftV2.X */ = {isa = PBXFileReference; explicitFileType = "compiled.mach-o.executable"; includeInIndex = 0; path = CodeCraftV2.X; sourceTree = BUILT_PRODUCTS_DIR; };
		8826ED042605C6CB00269365 /* main.cpp */ = {isa = PBXFileReference; fileEncoding = 4; lastKnownFileType = sourcecode.cpp.cpp; path = main.cpp; sourceTree = "<group>"; };
		8826ED052605C6CB00269365 /* Input.h */ = {isa = PBXFileReference; fileEncoding = 4; lastKnownFileType = sourcecode.c.h; path = Input.h; sourceTree = "<group>"; };
		8826ED7E2608CC1300269365 /* PurchasePlanToday.h */ = {isa = PBXFileReference; lastKnownFileType = sourcecode.c.h; path = PurchasePlanToday.h; sourceTree = "<group>"; };
		8826ED842608E47000269365 /* PiecesPlanTommorrow.h */ = {isa = PBXFileReference; lastKnownFileType = sourcecode.c.h; path = PiecesPlanTommorrow.h; sourceTree = "<group>"; };
		8826ED852608F04400269365 /* Deployment.h */ = {isa = PBXFileReference; lastKnownFileType = sourcecode.c.h; path = Deployment.h; sourceTree = "<group>"; };
		883C383D25FF60E600F1C07C /* Output.h */ = {isa = PBXFileReference; lastKnownFileType = sourcecode.c.h; path = Output.h; sourceTree = "<group>"; };
		883DC32725FAFDB90095A8D4 /* CodeCraft */ = {isa = PBXFileReference; explicitFileType = "compiled.mach-o.executable"; includeInIndex = 0; path = CodeCraft; sourceTree = BUILT_PRODUCTS_DIR; };
		883DC32A25FAFDB90095A8D4 /* main.cpp */ = {isa = PBXFileReference; lastKnownFileType = sourcecode.cpp.cpp; path = main.cpp; sourceTree = "<group>"; };
		88A150EB26042F4900E235DD /* JudgeSystem */ = {isa = PBXFileReference; explicitFileType = "compiled.mach-o.executable"; includeInIndex = 0; path = JudgeSystem; sourceTree = BUILT_PRODUCTS_DIR; };
		88A4602A2622BD48005316B5 /* CodeCraft-2021.cpp */ = {isa = PBXFileReference; fileEncoding = 4; lastKnownFileType = sourcecode.cpp.cpp; path = "CodeCraft-2021.cpp"; sourceTree = "<group>"; };
		88A4602B2622BD48005316B5 /* Output.h */ = {isa = PBXFileReference; fileEncoding = 4; lastKnownFileType = sourcecode.c.h; path = Output.h; sourceTree = "<group>"; };
		88A4602C2622BD48005316B5 /* Input.h */ = {isa = PBXFileReference; fileEncoding = 4; lastKnownFileType = sourcecode.c.h; path = Input.h; sourceTree = "<group>"; };
		88A4602D2622BD48005316B5 /* DataStructure.h */ = {isa = PBXFileReference; fileEncoding = 4; lastKnownFileType = sourcecode.c.h; path = DataStructure.h; sourceTree = "<group>"; };
		88BDEFED25FF5E3600D0C898 /* DataStructure.h */ = {isa = PBXFileReference; lastKnownFileType = sourcecode.c.h; path = DataStructure.h; sourceTree = "<group>"; };
		88C1DA4D260379C4005AF32D /* main.cpp */ = {isa = PBXFileReference; fileEncoding = 4; lastKnownFileType = sourcecode.cpp.cpp; path = main.cpp; sourceTree = "<group>"; };
		88C3BD4525FDB9E5005AACEC /* TestTarget */ = {isa = PBXFileReference; explicitFileType = "compiled.mach-o.executable"; includeInIndex = 0; path = TestTarget; sourceTree = BUILT_PRODUCTS_DIR; };
		88F999EA25FF31290015E386 /* Input.h */ = {isa = PBXFileReference; lastKnownFileType = sourcecode.c.h; path = Input.h; sourceTree = "<group>"; };
/* End PBXFileReference section */

/* Begin PBXFrameworksBuildPhase section */
		8826EC7B2604D87000269365 /* Frameworks */ = {
			isa = PBXFrameworksBuildPhase;
			buildActionMask = 2147483647;
			files = (
			);
			runOnlyForDeploymentPostprocessing = 0;
		};
		8826ECA426059A0F00269365 /* Frameworks */ = {
			isa = PBXFrameworksBuildPhase;
			buildActionMask = 2147483647;
			files = (
			);
			runOnlyForDeploymentPostprocessing = 0;
		};
		883DC32425FAFDB80095A8D4 /* Frameworks */ = {
			isa = PBXFrameworksBuildPhase;
			buildActionMask = 2147483647;
			files = (
			);
			runOnlyForDeploymentPostprocessing = 0;
		};
		88A150E826042F4900E235DD /* Frameworks */ = {
			isa = PBXFrameworksBuildPhase;
			buildActionMask = 2147483647;
			files = (
			);
			runOnlyForDeploymentPostprocessing = 0;
		};
		88C3BD4225FDB9E5005AACEC /* Frameworks */ = {
			isa = PBXFrameworksBuildPhase;
			buildActionMask = 2147483647;
			files = (
			);
			runOnlyForDeploymentPostprocessing = 0;
		};
/* End PBXFrameworksBuildPhase section */

/* Begin PBXGroup section */
		8826EC7F2604D87000269365 /* CodeCraftV1.X */ = {
			isa = PBXGroup;
			children = (
				88A4602A2622BD48005316B5 /* CodeCraft-2021.cpp */,
				88A4602D2622BD48005316B5 /* DataStructure.h */,
				88A4602C2622BD48005316B5 /* Input.h */,
				88A4602B2622BD48005316B5 /* Output.h */,
			);
			path = CodeCraftV1.X;
			sourceTree = "<group>";
		};
		8826ECA826059A0F00269365 /* CodeCraftV2.X */ = {
			isa = PBXGroup;
			children = (
				8826ED852608F04400269365 /* Deployment.h */,
				8826ED842608E47000269365 /* PiecesPlanTommorrow.h */,
				8826ED052605C6CB00269365 /* Input.h */,
				8826ED042605C6CB00269365 /* main.cpp */,
				8826ED7E2608CC1300269365 /* PurchasePlanToday.h */,
			);
			path = CodeCraftV2.X;
			sourceTree = "<group>";
		};
		883DC31E25FAFDB80095A8D4 = {
			isa = PBXGroup;
			children = (
				883DC32925FAFDB90095A8D4 /* CodeCraft */,
				88C3BD4625FDB9E5005AACEC /* TestTarget */,
				8826EC7F2604D87000269365 /* CodeCraftV1.X */,
				8826ECA826059A0F00269365 /* CodeCraftV2.X */,
				883DC32825FAFDB90095A8D4 /* Products */,
			);
			sourceTree = "<group>";
		};
		883DC32825FAFDB90095A8D4 /* Products */ = {
			isa = PBXGroup;
			children = (
				883DC32725FAFDB90095A8D4 /* CodeCraft */,
				88C3BD4525FDB9E5005AACEC /* TestTarget */,
				88A150EB26042F4900E235DD /* JudgeSystem */,
				8826EC7E2604D87000269365 /* CodeCraftV1.X */,
				8826ECA726059A0F00269365 /* CodeCraftV2.X */,
			);
			name = Products;
			sourceTree = "<group>";
		};
		883DC32925FAFDB90095A8D4 /* CodeCraft */ = {
			isa = PBXGroup;
			children = (
				883DC32A25FAFDB90095A8D4 /* main.cpp */,
				88F999EA25FF31290015E386 /* Input.h */,
				883C383D25FF60E600F1C07C /* Output.h */,
				88BDEFED25FF5E3600D0C898 /* DataStructure.h */,
			);
			path = CodeCraft;
			sourceTree = "<group>";
		};
		88C3BD4625FDB9E5005AACEC /* TestTarget */ = {
			isa = PBXGroup;
			children = (
				88C1DA4D260379C4005AF32D /* main.cpp */,
			);
			path = TestTarget;
			sourceTree = "<group>";
		};
/* End PBXGroup section */

/* Begin PBXNativeTarget section */
		8826EC7D2604D87000269365 /* CodeCraftV1.X */ = {
			isa = PBXNativeTarget;
			buildConfigurationList = 8826EC842604D87100269365 /* Build configuration list for PBXNativeTarget "CodeCraftV1.X" */;
			buildPhases = (
				8826EC7A2604D87000269365 /* Sources */,
				8826EC7B2604D87000269365 /* Frameworks */,
				8826EC7C2604D87000269365 /* CopyFiles */,
			);
			buildRules = (
			);
			dependencies = (
			);
			name = CodeCraftV1.X;
			productName = CodeCraftV1.X;
			productReference = 8826EC7E2604D87000269365 /* CodeCraftV1.X */;
			productType = "com.apple.product-type.tool";
		};
		8826ECA626059A0F00269365 /* CodeCraftV2.X */ = {
			isa = PBXNativeTarget;
			buildConfigurationList = 8826ECAB26059A0F00269365 /* Build configuration list for PBXNativeTarget "CodeCraftV2.X" */;
			buildPhases = (
				8826ECA326059A0F00269365 /* Sources */,
				8826ECA426059A0F00269365 /* Frameworks */,
				8826ECA526059A0F00269365 /* CopyFiles */,
			);
			buildRules = (
			);
			dependencies = (
			);
			name = CodeCraftV2.X;
			productName = CodeCraftV2.X;
			productReference = 8826ECA726059A0F00269365 /* CodeCraftV2.X */;
			productType = "com.apple.product-type.tool";
		};
		883DC32625FAFDB80095A8D4 /* CodeCraft */ = {
			isa = PBXNativeTarget;
			buildConfigurationList = 883DC32E25FAFDB90095A8D4 /* Build configuration list for PBXNativeTarget "CodeCraft" */;
			buildPhases = (
				883DC32325FAFDB80095A8D4 /* Sources */,
				883DC32425FAFDB80095A8D4 /* Frameworks */,
				883DC32525FAFDB80095A8D4 /* CopyFiles */,
			);
			buildRules = (
			);
			dependencies = (
			);
			name = CodeCraft;
			productName = CodeCraft;
			productReference = 883DC32725FAFDB90095A8D4 /* CodeCraft */;
			productType = "com.apple.product-type.tool";
		};
		88A150EA26042F4900E235DD /* JudgeSystem */ = {
			isa = PBXNativeTarget;
			buildConfigurationList = 88A150F126042F4900E235DD /* Build configuration list for PBXNativeTarget "JudgeSystem" */;
			buildPhases = (
				88A150E726042F4900E235DD /* Sources */,
				88A150E826042F4900E235DD /* Frameworks */,
				88A150E926042F4900E235DD /* CopyFiles */,
			);
			buildRules = (
			);
			dependencies = (
			);
			name = JudgeSystem;
			productName = JudgeSystem;
			productReference = 88A150EB26042F4900E235DD /* JudgeSystem */;
			productType = "com.apple.product-type.tool";
		};
		88C3BD4425FDB9E5005AACEC /* TestTarget */ = {
			isa = PBXNativeTarget;
			buildConfigurationList = 88C3BD4B25FDB9E5005AACEC /* Build configuration list for PBXNativeTarget "TestTarget" */;
			buildPhases = (
				88C3BD4125FDB9E5005AACEC /* Sources */,
				88C3BD4225FDB9E5005AACEC /* Frameworks */,
				88C3BD4325FDB9E5005AACEC /* CopyFiles */,
			);
			buildRules = (
			);
			dependencies = (
			);
			name = TestTarget;
			productName = TestTarget;
			productReference = 88C3BD4525FDB9E5005AACEC /* TestTarget */;
			productType = "com.apple.product-type.tool";
		};
/* End PBXNativeTarget section */

/* Begin PBXProject section */
		883DC31F25FAFDB80095A8D4 /* Project object */ = {
			isa = PBXProject;
			attributes = {
				LastUpgradeCheck = 1240;
				TargetAttributes = {
					8826EC7D2604D87000269365 = {
						CreatedOnToolsVersion = 12.4;
					};
					8826ECA626059A0F00269365 = {
						CreatedOnToolsVersion = 12.4;
					};
					883DC32625FAFDB80095A8D4 = {
						CreatedOnToolsVersion = 12.4;
					};
					88A150EA26042F4900E235DD = {
						CreatedOnToolsVersion = 12.4;
					};
					88C3BD4425FDB9E5005AACEC = {
						CreatedOnToolsVersion = 12.4;
					};
				};
			};
			buildConfigurationList = 883DC32225FAFDB80095A8D4 /* Build configuration list for PBXProject "CodeCraft" */;
			compatibilityVersion = "Xcode 9.3";
			developmentRegion = en;
			hasScannedForEncodings = 0;
			knownRegions = (
				en,
				Base,
			);
			mainGroup = 883DC31E25FAFDB80095A8D4;
			productRefGroup = 883DC32825FAFDB90095A8D4 /* Products */;
			projectDirPath = "";
			projectRoot = "";
			targets = (
				883DC32625FAFDB80095A8D4 /* CodeCraft */,
				88C3BD4425FDB9E5005AACEC /* TestTarget */,
				88A150EA26042F4900E235DD /* JudgeSystem */,
				8826EC7D2604D87000269365 /* CodeCraftV1.X */,
				8826ECA626059A0F00269365 /* CodeCraftV2.X */,
			);
		};
/* End PBXProject section */

/* Begin PBXSourcesBuildPhase section */
		8826EC7A2604D87000269365 /* Sources */ = {
			isa = PBXSourcesBuildPhase;
			buildActionMask = 2147483647;
			files = (
				88A4602E2622BD48005316B5 /* CodeCraft-2021.cpp in Sources */,
			);
			runOnlyForDeploymentPostprocessing = 0;
		};
		8826ECA326059A0F00269365 /* Sources */ = {
			isa = PBXSourcesBuildPhase;
			buildActionMask = 2147483647;
			files = (
				8826ED062605C6CB00269365 /* main.cpp in Sources */,
			);
			runOnlyForDeploymentPostprocessing = 0;
		};
		883DC32325FAFDB80095A8D4 /* Sources */ = {
			isa = PBXSourcesBuildPhase;
			buildActionMask = 2147483647;
			files = (
				883DC32B25FAFDB90095A8D4 /* main.cpp in Sources */,
			);
			runOnlyForDeploymentPostprocessing = 0;
		};
		88A150E726042F4900E235DD /* Sources */ = {
			isa = PBXSourcesBuildPhase;
			buildActionMask = 2147483647;
			files = (
			);
			runOnlyForDeploymentPostprocessing = 0;
		};
		88C3BD4125FDB9E5005AACEC /* Sources */ = {
			isa = PBXSourcesBuildPhase;
			buildActionMask = 2147483647;
			files = (
				88C1DA4E260379C4005AF32D /* main.cpp in Sources */,
			);
			runOnlyForDeploymentPostprocessing = 0;
		};
/* End PBXSourcesBuildPhase section */

/* Begin XCBuildConfiguration section */
		8826EC822604D87100269365 /* Debug */ = {
			isa = XCBuildConfiguration;
			buildSettings = {
				CODE_SIGN_STYLE = Automatic;
				DEVELOPMENT_TEAM = 4MQTPDSF9R;
				ENABLE_HARDENED_RUNTIME = YES;
				PRODUCT_NAME = "$(TARGET_NAME)";
			};
			name = Debug;
		};
		8826EC832604D87100269365 /* Release */ = {
			isa = XCBuildConfiguration;
			buildSettings = {
				CODE_SIGN_STYLE = Automatic;
				DEVELOPMENT_TEAM = 4MQTPDSF9R;
				ENABLE_HARDENED_RUNTIME = YES;
				PRODUCT_NAME = "$(TARGET_NAME)";
			};
			name = Release;
		};
		8826ECAC26059A0F00269365 /* Debug */ = {
			isa = XCBuildConfiguration;
			buildSettings = {
				CODE_SIGN_STYLE = Automatic;
				DEVELOPMENT_TEAM = 4MQTPDSF9R;
				ENABLE_HARDENED_RUNTIME = YES;
				PRODUCT_NAME = "$(TARGET_NAME)";
			};
			name = Debug;
		};
		8826ECAD26059A0F00269365 /* Release */ = {
			isa = XCBuildConfiguration;
			buildSettings = {
				CODE_SIGN_STYLE = Automatic;
				DEVELOPMENT_TEAM = 4MQTPDSF9R;
				ENABLE_HARDENED_RUNTIME = YES;
				PRODUCT_NAME = "$(TARGET_NAME)";
			};
			name = Release;
		};
		883DC32C25FAFDB90095A8D4 /* Debug */ = {
			isa = XCBuildConfiguration;
			buildSettings = {
				ALWAYS_SEARCH_USER_PATHS = NO;
				CLANG_ANALYZER_NONNULL = YES;
				CLANG_ANALYZER_NUMBER_OBJECT_CONVERSION = YES_AGGRESSIVE;
				CLANG_CXX_LANGUAGE_STANDARD = "gnu++14";
				CLANG_CXX_LIBRARY = "libc++";
				CLANG_ENABLE_MODULES = YES;
				CLANG_ENABLE_OBJC_ARC = YES;
				CLANG_ENABLE_OBJC_WEAK = YES;
				CLANG_WARN_BLOCK_CAPTURE_AUTORELEASING = YES;
				CLANG_WARN_BOOL_CONVERSION = YES;
				CLANG_WARN_COMMA = YES;
				CLANG_WARN_CONSTANT_CONVERSION = YES;
				CLANG_WARN_DEPRECATED_OBJC_IMPLEMENTATIONS = YES;
				CLANG_WARN_DIRECT_OBJC_ISA_USAGE = YES_ERROR;
				CLANG_WARN_DOCUMENTATION_COMMENTS = YES;
				CLANG_WARN_EMPTY_BODY = YES;
				CLANG_WARN_ENUM_CONVERSION = YES;
				CLANG_WARN_INFINITE_RECURSION = YES;
				CLANG_WARN_INT_CONVERSION = YES;
				CLANG_WARN_NON_LITERAL_NULL_CONVERSION = YES;
				CLANG_WARN_OBJC_IMPLICIT_RETAIN_SELF = YES;
				CLANG_WARN_OBJC_LITERAL_CONVERSION = YES;
				CLANG_WARN_OBJC_ROOT_CLASS = YES_ERROR;
				CLANG_WARN_QUOTED_INCLUDE_IN_FRAMEWORK_HEADER = YES;
				CLANG_WARN_RANGE_LOOP_ANALYSIS = YES;
				CLANG_WARN_STRICT_PROTOTYPES = YES;
				CLANG_WARN_SUSPICIOUS_MOVE = YES;
				CLANG_WARN_UNGUARDED_AVAILABILITY = YES_AGGRESSIVE;
				CLANG_WARN_UNREACHABLE_CODE = YES;
				CLANG_WARN__DUPLICATE_METHOD_MATCH = YES;
				COPY_PHASE_STRIP = NO;
				DEBUG_INFORMATION_FORMAT = dwarf;
				ENABLE_STRICT_OBJC_MSGSEND = YES;
				ENABLE_TESTABILITY = YES;
				GCC_C_LANGUAGE_STANDARD = gnu11;
				GCC_DYNAMIC_NO_PIC = NO;
				GCC_NO_COMMON_BLOCKS = YES;
				GCC_OPTIMIZATION_LEVEL = 0;
				GCC_PREPROCESSOR_DEFINITIONS = (
					"DEBUG=1",
					"$(inherited)",
				);
				GCC_WARN_64_TO_32_BIT_CONVERSION = YES;
				GCC_WARN_ABOUT_RETURN_TYPE = YES_ERROR;
				GCC_WARN_UNDECLARED_SELECTOR = YES;
				GCC_WARN_UNINITIALIZED_AUTOS = YES_AGGRESSIVE;
				GCC_WARN_UNUSED_FUNCTION = YES;
				GCC_WARN_UNUSED_VARIABLE = YES;
				MACOSX_DEPLOYMENT_TARGET = 11.1;
				MTL_ENABLE_DEBUG_INFO = INCLUDE_SOURCE;
				MTL_FAST_MATH = YES;
				ONLY_ACTIVE_ARCH = YES;
				SDKROOT = macosx;
			};
			name = Debug;
		};
		883DC32D25FAFDB90095A8D4 /* Release */ = {
			isa = XCBuildConfiguration;
			buildSettings = {
				ALWAYS_SEARCH_USER_PATHS = NO;
				CLANG_ANALYZER_NONNULL = YES;
				CLANG_ANALYZER_NUMBER_OBJECT_CONVERSION = YES_AGGRESSIVE;
				CLANG_CXX_LANGUAGE_STANDARD = "gnu++14";
				CLANG_CXX_LIBRARY = "libc++";
				CLANG_ENABLE_MODULES = YES;
				CLANG_ENABLE_OBJC_ARC = YES;
				CLANG_ENABLE_OBJC_WEAK = YES;
				CLANG_WARN_BLOCK_CAPTURE_AUTORELEASING = YES;
				CLANG_WARN_BOOL_CONVERSION = YES;
				CLANG_WARN_COMMA = YES;
				CLANG_WARN_CONSTANT_CONVERSION = YES;
				CLANG_WARN_DEPRECATED_OBJC_IMPLEMENTATIONS = YES;
				CLANG_WARN_DIRECT_OBJC_ISA_USAGE = YES_ERROR;
				CLANG_WARN_DOCUMENTATION_COMMENTS = YES;
				CLANG_WARN_EMPTY_BODY = YES;
				CLANG_WARN_ENUM_CONVERSION = YES;
				CLANG_WARN_INFINITE_RECURSION = YES;
				CLANG_WARN_INT_CONVERSION = YES;
				CLANG_WARN_NON_LITERAL_NULL_CONVERSION = YES;
				CLANG_WARN_OBJC_IMPLICIT_RETAIN_SELF = YES;
				CLANG_WARN_OBJC_LITERAL_CONVERSION = YES;
				CLANG_WARN_OBJC_ROOT_CLASS = YES_ERROR;
				CLANG_WARN_QUOTED_INCLUDE_IN_FRAMEWORK_HEADER = YES;
				CLANG_WARN_RANGE_LOOP_ANALYSIS = YES;
				CLANG_WARN_STRICT_PROTOTYPES = YES;
				CLANG_WARN_SUSPICIOUS_MOVE = YES;
				CLANG_WARN_UNGUARDED_AVAILABILITY = YES_AGGRESSIVE;
				CLANG_WARN_UNREACHABLE_CODE = YES;
				CLANG_WARN__DUPLICATE_METHOD_MATCH = YES;
				COPY_PHASE_STRIP = NO;
				DEBUG_INFORMATION_FORMAT = "dwarf-with-dsym";
				ENABLE_NS_ASSERTIONS = NO;
				ENABLE_STRICT_OBJC_MSGSEND = YES;
				GCC_C_LANGUAGE_STANDARD = gnu11;
				GCC_NO_COMMON_BLOCKS = YES;
				GCC_WARN_64_TO_32_BIT_CONVERSION = YES;
				GCC_WARN_ABOUT_RETURN_TYPE = YES_ERROR;
				GCC_WARN_UNDECLARED_SELECTOR = YES;
				GCC_WARN_UNINITIALIZED_AUTOS = YES_AGGRESSIVE;
				GCC_WARN_UNUSED_FUNCTION = YES;
				GCC_WARN_UNUSED_VARIABLE = YES;
				MACOSX_DEPLOYMENT_TARGET = 11.1;
				MTL_ENABLE_DEBUG_INFO = NO;
				MTL_FAST_MATH = YES;
				SDKROOT = macosx;
			};
			name = Release;
		};
		883DC32F25FAFDB90095A8D4 /* Debug */ = {
			isa = XCBuildConfiguration;
			buildSettings = {
				CODE_SIGN_STYLE = Automatic;
				DEVELOPMENT_TEAM = 4MQTPDSF9R;
				ENABLE_HARDENED_RUNTIME = YES;
				PRODUCT_NAME = "$(TARGET_NAME)";
			};
			name = Debug;
		};
		883DC33025FAFDB90095A8D4 /* Release */ = {
			isa = XCBuildConfiguration;
			buildSettings = {
				CODE_SIGN_STYLE = Automatic;
				DEVELOPMENT_TEAM = 4MQTPDSF9R;
				ENABLE_HARDENED_RUNTIME = YES;
				PRODUCT_NAME = "$(TARGET_NAME)";
			};
			name = Release;
		};
		88A150EF26042F4900E235DD /* Debug */ = {
			isa = XCBuildConfiguration;
			buildSettings = {
				CODE_SIGN_STYLE = Automatic;
				DEVELOPMENT_TEAM = 4MQTPDSF9R;
				ENABLE_HARDENED_RUNTIME = YES;
				PRODUCT_NAME = "$(TARGET_NAME)";
			};
			name = Debug;
		};
		88A150F026042F4900E235DD /* Release */ = {
			isa = XCBuildConfiguration;
			buildSettings = {
				CODE_SIGN_STYLE = Automatic;
				DEVELOPMENT_TEAM = 4MQTPDSF9R;
				ENABLE_HARDENED_RUNTIME = YES;
				PRODUCT_NAME = "$(TARGET_NAME)";
			};
			name = Release;
		};
		88C3BD4925FDB9E5005AACEC /* Debug */ = {
			isa = XCBuildConfiguration;
			buildSettings = {
				CODE_SIGN_STYLE = Automatic;
				DEVELOPMENT_TEAM = 4MQTPDSF9R;
				ENABLE_HARDENED_RUNTIME = YES;
				PRODUCT_NAME = "$(TARGET_NAME)";
			};
			name = Debug;
		};
		88C3BD4A25FDB9E5005AACEC /* Release */ = {
			isa = XCBuildConfiguration;
			buildSettings = {
				CODE_SIGN_STYLE = Automatic;
				DEVELOPMENT_TEAM = 4MQTPDSF9R;
				ENABLE_HARDENED_RUNTIME = YES;
				PRODUCT_NAME = "$(TARGET_NAME)";
			};
			name = Release;
		};
/* End XCBuildConfiguration section */

/* Begin XCConfigurationList section */
		8826EC842604D87100269365 /* Build configuration list for PBXNativeTarget "CodeCraftV1.X" */ = {
			isa = XCConfigurationList;
			buildConfigurations = (
				8826EC822604D87100269365 /* Debug */,
				8826EC832604D87100269365 /* Release */,
			);
			defaultConfigurationIsVisible = 0;
			defaultConfigurationName = Release;
		};
		8826ECAB26059A0F00269365 /* Build configuration list for PBXNativeTarget "CodeCraftV2.X" */ = {
			isa = XCConfigurationList;
			buildConfigurations = (
				8826ECAC26059A0F00269365 /* Debug */,
				8826ECAD26059A0F00269365 /* Release */,
			);
			defaultConfigurationIsVisible = 0;
			defaultConfigurationName = Release;
		};
		883DC32225FAFDB80095A8D4 /* Build configuration list for PBXProject "CodeCraft" */ = {
			isa = XCConfigurationList;
			buildConfigurations = (
				883DC32C25FAFDB90095A8D4 /* Debug */,
				883DC32D25FAFDB90095A8D4 /* Release */,
			);
			defaultConfigurationIsVisible = 0;
			defaultConfigurationName = Release;
		};
		883DC32E25FAFDB90095A8D4 /* Build configuration list for PBXNativeTarget "CodeCraft" */ = {
			isa = XCConfigurationList;
			buildConfigurations = (
				883DC32F25FAFDB90095A8D4 /* Debug */,
				883DC33025FAFDB90095A8D4 /* Release */,
			);
			defaultConfigurationIsVisible = 0;
			defaultConfigurationName = Release;
		};
		88A150F126042F4900E235DD /* Build configuration list for PBXNativeTarget "JudgeSystem" */ = {
			isa = XCConfigurationList;
			buildConfigurations = (
				88A150EF26042F4900E235DD /* Debug */,
				88A150F026042F4900E235DD /* Release */,
			);
			defaultConfigurationIsVisible = 0;
			defaultConfigurationName = Release;
		};
		88C3BD4B25FDB9E5005AACEC /* Build configuration list for PBXNativeTarget "TestTarget" */ = {
			isa = XCConfigurationList;
			buildConfigurations = (
				88C3BD4925FDB9E5005AACEC /* Debug */,
				88C3BD4A25FDB9E5005AACEC /* Release */,
			);
			defaultConfigurationIsVisible = 0;
			defaultConfigurationName = Release;
		};
/* End XCConfigurationList section */
	};
	rootObject = 883DC31F25FAFDB80095A8D4 /* Project object */;
}
